// !$*UTF8*$!
{
	archiveVersion = 1;
	classes = {
	};
	objectVersion = 50;
	objects = {

/* Begin PBXBuildFile section */
		A6B5836F222CDEEF005EDD4E /* FlowCommon.framework in Frameworks */ = {isa = PBXBuildFile; fileRef = A6B58366222CDEEF005EDD4E /* FlowCommon.framework */; };
		A6B58376222CDEEF005EDD4E /* FlowCommon.h in Headers */ = {isa = PBXBuildFile; fileRef = A6B58368222CDEEF005EDD4E /* FlowCommon.h */; settings = {ATTRIBUTES = (Public, ); }; };
		A6B58392222CDFD8005EDD4E /* CGPathSVGTests.swift in Sources */ = {isa = PBXBuildFile; fileRef = A6B58391222CDFD7005EDD4E /* CGPathSVGTests.swift */; };
		A6B583A2222DB3F8005EDD4E /* FlowCommonFiles in Resources */ = {isa = PBXBuildFile; fileRef = A6B583A1222DB3F8005EDD4E /* FlowCommonFiles */; };
		A6B583AF222DB636005EDD4E /* NSShadow+Extension.swift in Sources */ = {isa = PBXBuildFile; fileRef = A6B583A5222DB635005EDD4E /* NSShadow+Extension.swift */; };
		A6B583B0222DB636005EDD4E /* ShapeView.swift in Sources */ = {isa = PBXBuildFile; fileRef = A6B583A6222DB635005EDD4E /* ShapeView.swift */; };
		A6B583B1222DB636005EDD4E /* UIImage+Extension.swift in Sources */ = {isa = PBXBuildFile; fileRef = A6B583A7222DB635005EDD4E /* UIImage+Extension.swift */; };
		A6B583B2222DB636005EDD4E /* Timeline.swift in Sources */ = {isa = PBXBuildFile; fileRef = A6B583A8222DB635005EDD4E /* Timeline.swift */; };
		A6B583B3222DB636005EDD4E /* CGPath+SVG.swift in Sources */ = {isa = PBXBuildFile; fileRef = A6B583A9222DB635005EDD4E /* CGPath+SVG.swift */; };
		A6B583B4222DB636005EDD4E /* Animation.swift in Sources */ = {isa = PBXBuildFile; fileRef = A6B583AA222DB635005EDD4E /* Animation.swift */; };
		A6B583B5222DB636005EDD4E /* Sound.swift in Sources */ = {isa = PBXBuildFile; fileRef = A6B583AB222DB635005EDD4E /* Sound.swift */; };
		A6B583B6222DB636005EDD4E /* TextView.swift in Sources */ = {isa = PBXBuildFile; fileRef = A6B583AC222DB635005EDD4E /* TextView.swift */; };
		A6B583B7222DB636005EDD4E /* NSMutableParagraphStyle+Extension.swift in Sources */ = {isa = PBXBuildFile; fileRef = A6B583AD222DB635005EDD4E /* NSMutableParagraphStyle+Extension.swift */; };
		A6B583B8222DB636005EDD4E /* UIView+Extension.swift in Sources */ = {isa = PBXBuildFile; fileRef = A6B583AE222DB636005EDD4E /* UIView+Extension.swift */; };
		A6BAA98422B2F0CB0079DE26 /* CAKeyframeAnimation+Extension.swift in Sources */ = {isa = PBXBuildFile; fileRef = A6BAA98122B2F0CB0079DE26 /* CAKeyframeAnimation+Extension.swift */; };
		A6BAA98522B2F0CB0079DE26 /* CAMediaTimingFunction+Extension.swift in Sources */ = {isa = PBXBuildFile; fileRef = A6BAA98222B2F0CB0079DE26 /* CAMediaTimingFunction+Extension.swift */; };
		A6BAA98622B2F0CB0079DE26 /* CATransaction+Extension.swift in Sources */ = {isa = PBXBuildFile; fileRef = A6BAA98322B2F0CB0079DE26 /* CATransaction+Extension.swift */; };
/* End PBXBuildFile section */

/* Begin PBXContainerItemProxy section */
		A6B58370222CDEEF005EDD4E /* PBXContainerItemProxy */ = {
			isa = PBXContainerItemProxy;
			containerPortal = A6B5833E222CDE0C005EDD4E /* Project object */;
			proxyType = 1;
			remoteGlobalIDString = A6B58365222CDEEF005EDD4E;
			remoteInfo = FlowCommon;
		};
/* End PBXContainerItemProxy section */

/* Begin PBXFileReference section */
		A6B58366222CDEEF005EDD4E /* FlowCommon.framework */ = {isa = PBXFileReference; explicitFileType = wrapper.framework; includeInIndex = 0; path = FlowCommon.framework; sourceTree = BUILT_PRODUCTS_DIR; };
		A6B58368222CDEEF005EDD4E /* FlowCommon.h */ = {isa = PBXFileReference; lastKnownFileType = sourcecode.c.h; path = FlowCommon.h; sourceTree = "<group>"; };
		A6B58369222CDEEF005EDD4E /* Info.plist */ = {isa = PBXFileReference; lastKnownFileType = text.plist.xml; path = Info.plist; sourceTree = "<group>"; };
		A6B5836E222CDEEF005EDD4E /* FlowCommonTests.xctest */ = {isa = PBXFileReference; explicitFileType = wrapper.cfbundle; includeInIndex = 0; path = FlowCommonTests.xctest; sourceTree = BUILT_PRODUCTS_DIR; };
		A6B58375222CDEEF005EDD4E /* TestsInfo.plist */ = {isa = PBXFileReference; lastKnownFileType = text.plist.xml; path = TestsInfo.plist; sourceTree = "<group>"; };
		A6B58391222CDFD7005EDD4E /* CGPathSVGTests.swift */ = {isa = PBXFileReference; fileEncoding = 4; lastKnownFileType = sourcecode.swift; path = CGPathSVGTests.swift; sourceTree = "<group>"; };
		A6B583A1222DB3F8005EDD4E /* FlowCommonFiles */ = {isa = PBXFileReference; lastKnownFileType = folder; path = FlowCommonFiles; sourceTree = "<group>"; };
		A6B583A5222DB635005EDD4E /* NSShadow+Extension.swift */ = {isa = PBXFileReference; fileEncoding = 4; lastKnownFileType = sourcecode.swift; name = "NSShadow+Extension.swift"; path = "FlowCommon/FlowCommonFiles/NSShadow+Extension.swift"; sourceTree = SOURCE_ROOT; };
		A6B583A6222DB635005EDD4E /* ShapeView.swift */ = {isa = PBXFileReference; fileEncoding = 4; lastKnownFileType = sourcecode.swift; name = ShapeView.swift; path = FlowCommon/FlowCommonFiles/ShapeView.swift; sourceTree = SOURCE_ROOT; };
		A6B583A7222DB635005EDD4E /* UIImage+Extension.swift */ = {isa = PBXFileReference; fileEncoding = 4; lastKnownFileType = sourcecode.swift; name = "UIImage+Extension.swift"; path = "FlowCommon/FlowCommonFiles/UIImage+Extension.swift"; sourceTree = SOURCE_ROOT; };
		A6B583A8222DB635005EDD4E /* Timeline.swift */ = {isa = PBXFileReference; fileEncoding = 4; lastKnownFileType = sourcecode.swift; name = Timeline.swift; path = FlowCommon/FlowCommonFiles/Timeline.swift; sourceTree = SOURCE_ROOT; };
		A6B583A9222DB635005EDD4E /* CGPath+SVG.swift */ = {isa = PBXFileReference; fileEncoding = 4; lastKnownFileType = sourcecode.swift; name = "CGPath+SVG.swift"; path = "FlowCommon/FlowCommonFiles/CGPath+SVG.swift"; sourceTree = SOURCE_ROOT; };
		A6B583AA222DB635005EDD4E /* Animation.swift */ = {isa = PBXFileReference; fileEncoding = 4; lastKnownFileType = sourcecode.swift; name = Animation.swift; path = FlowCommon/FlowCommonFiles/Animation.swift; sourceTree = SOURCE_ROOT; };
		A6B583AB222DB635005EDD4E /* Sound.swift */ = {isa = PBXFileReference; fileEncoding = 4; lastKnownFileType = sourcecode.swift; name = Sound.swift; path = FlowCommon/FlowCommonFiles/Sound.swift; sourceTree = SOURCE_ROOT; };
		A6B583AC222DB635005EDD4E /* TextView.swift */ = {isa = PBXFileReference; fileEncoding = 4; lastKnownFileType = sourcecode.swift; name = TextView.swift; path = FlowCommon/FlowCommonFiles/TextView.swift; sourceTree = SOURCE_ROOT; };
		A6B583AD222DB635005EDD4E /* NSMutableParagraphStyle+Extension.swift */ = {isa = PBXFileReference; fileEncoding = 4; lastKnownFileType = sourcecode.swift; name = "NSMutableParagraphStyle+Extension.swift"; path = "FlowCommon/FlowCommonFiles/NSMutableParagraphStyle+Extension.swift"; sourceTree = SOURCE_ROOT; };
		A6B583AE222DB636005EDD4E /* UIView+Extension.swift */ = {isa = PBXFileReference; fileEncoding = 4; lastKnownFileType = sourcecode.swift; name = "UIView+Extension.swift"; path = "FlowCommon/FlowCommonFiles/UIView+Extension.swift"; sourceTree = SOURCE_ROOT; };
		A6BAA98122B2F0CB0079DE26 /* CAKeyframeAnimation+Extension.swift */ = {isa = PBXFileReference; fileEncoding = 4; lastKnownFileType = sourcecode.swift; name = "CAKeyframeAnimation+Extension.swift"; path = "FlowCommon/FlowCommonFiles/CAKeyframeAnimation+Extension.swift"; sourceTree = SOURCE_ROOT; };
		A6BAA98222B2F0CB0079DE26 /* CAMediaTimingFunction+Extension.swift */ = {isa = PBXFileReference; fileEncoding = 4; lastKnownFileType = sourcecode.swift; name = "CAMediaTimingFunction+Extension.swift"; path = "FlowCommon/FlowCommonFiles/CAMediaTimingFunction+Extension.swift"; sourceTree = SOURCE_ROOT; };
		A6BAA98322B2F0CB0079DE26 /* CATransaction+Extension.swift */ = {isa = PBXFileReference; fileEncoding = 4; lastKnownFileType = sourcecode.swift; name = "CATransaction+Extension.swift"; path = "FlowCommon/FlowCommonFiles/CATransaction+Extension.swift"; sourceTree = SOURCE_ROOT; };
/* End PBXFileReference section */

/* Begin PBXFrameworksBuildPhase section */
		A6B58363222CDEEF005EDD4E /* Frameworks */ = {
			isa = PBXFrameworksBuildPhase;
			buildActionMask = 2147483647;
			files = (
			);
			runOnlyForDeploymentPostprocessing = 0;
		};
		A6B5836B222CDEEF005EDD4E /* Frameworks */ = {
			isa = PBXFrameworksBuildPhase;
			buildActionMask = 2147483647;
			files = (
				A6B5836F222CDEEF005EDD4E /* FlowCommon.framework in Frameworks */,
			);
			runOnlyForDeploymentPostprocessing = 0;
		};
/* End PBXFrameworksBuildPhase section */

/* Begin PBXGroup section */
		A6B5833D222CDE0C005EDD4E = {
			isa = PBXGroup;
			children = (
				A6B583A0222DB241005EDD4E /* FlowCommon */,
				A6B58393222CE00B005EDD4E /* Metadata */,
				A6B58372222CDEEF005EDD4E /* FlowCommonTests */,
				A6B58348222CDE0C005EDD4E /* Products */,
			);
			sourceTree = "<group>";
		};
		A6B58348222CDE0C005EDD4E /* Products */ = {
			isa = PBXGroup;
			children = (
				A6B58366222CDEEF005EDD4E /* FlowCommon.framework */,
				A6B5836E222CDEEF005EDD4E /* FlowCommonTests.xctest */,
			);
			name = Products;
			sourceTree = "<group>";
		};
		A6B58372222CDEEF005EDD4E /* FlowCommonTests */ = {
			isa = PBXGroup;
			children = (
				A6B58391222CDFD7005EDD4E /* CGPathSVGTests.swift */,
			);
			path = FlowCommonTests;
			sourceTree = "<group>";
		};
		A6B58393222CE00B005EDD4E /* Metadata */ = {
			isa = PBXGroup;
			children = (
				A6B58369222CDEEF005EDD4E /* Info.plist */,
				A6B58375222CDEEF005EDD4E /* TestsInfo.plist */,
			);
			path = Metadata;
			sourceTree = "<group>";
		};
		A6B583A0222DB241005EDD4E /* FlowCommon */ = {
			isa = PBXGroup;
			children = (
				A6B583A4222DB5FC005EDD4E /* Sources */,
				A6B583A1222DB3F8005EDD4E /* FlowCommonFiles */,
			);
			path = FlowCommon;
			sourceTree = "<group>";
		};
		A6B583A4222DB5FC005EDD4E /* Sources */ = {
			isa = PBXGroup;
			children = (
				A6B583AA222DB635005EDD4E /* Animation.swift */,
				A6BAA98122B2F0CB0079DE26 /* CAKeyframeAnimation+Extension.swift */,
				A6BAA98222B2F0CB0079DE26 /* CAMediaTimingFunction+Extension.swift */,
				A6BAA98322B2F0CB0079DE26 /* CATransaction+Extension.swift */,
				A6B583A9222DB635005EDD4E /* CGPath+SVG.swift */,
				A6B58368222CDEEF005EDD4E /* FlowCommon.h */,
				A6B583AD222DB635005EDD4E /* NSMutableParagraphStyle+Extension.swift */,
				A6B583A5222DB635005EDD4E /* NSShadow+Extension.swift */,
				A6B583A6222DB635005EDD4E /* ShapeView.swift */,
				A6B583AB222DB635005EDD4E /* Sound.swift */,
				A6B583AC222DB635005EDD4E /* TextView.swift */,
				A6B583A8222DB635005EDD4E /* Timeline.swift */,
				A6B583A7222DB635005EDD4E /* UIImage+Extension.swift */,
				A6B583AE222DB636005EDD4E /* UIView+Extension.swift */,
			);
			path = Sources;
			sourceTree = "<group>";
		};
/* End PBXGroup section */

/* Begin PBXHeadersBuildPhase section */
		A6B58361222CDEEF005EDD4E /* Headers */ = {
			isa = PBXHeadersBuildPhase;
			buildActionMask = 2147483647;
			files = (
				A6B58376222CDEEF005EDD4E /* FlowCommon.h in Headers */,
			);
			runOnlyForDeploymentPostprocessing = 0;
		};
/* End PBXHeadersBuildPhase section */

/* Begin PBXNativeTarget section */
		A6B58365222CDEEF005EDD4E /* FlowCommon */ = {
			isa = PBXNativeTarget;
			buildConfigurationList = A6B58377222CDEEF005EDD4E /* Build configuration list for PBXNativeTarget "FlowCommon" */;
			buildPhases = (
				A6B58361222CDEEF005EDD4E /* Headers */,
				A6B58362222CDEEF005EDD4E /* Sources */,
				A6B58363222CDEEF005EDD4E /* Frameworks */,
				A6B58364222CDEEF005EDD4E /* Resources */,
			);
			buildRules = (
			);
			dependencies = (
			);
			name = FlowCommon;
			productName = FlowCommon;
			productReference = A6B58366222CDEEF005EDD4E /* FlowCommon.framework */;
			productType = "com.apple.product-type.framework";
		};
		A6B5836D222CDEEF005EDD4E /* FlowCommonTests */ = {
			isa = PBXNativeTarget;
			buildConfigurationList = A6B5837A222CDEEF005EDD4E /* Build configuration list for PBXNativeTarget "FlowCommonTests" */;
			buildPhases = (
				A6B5836A222CDEEF005EDD4E /* Sources */,
				A6B5836B222CDEEF005EDD4E /* Frameworks */,
				A6B5836C222CDEEF005EDD4E /* Resources */,
			);
			buildRules = (
			);
			dependencies = (
				A6B58371222CDEEF005EDD4E /* PBXTargetDependency */,
			);
			name = FlowCommonTests;
			productName = FlowCommonTests;
			productReference = A6B5836E222CDEEF005EDD4E /* FlowCommonTests.xctest */;
			productType = "com.apple.product-type.bundle.unit-test";
		};
/* End PBXNativeTarget section */

/* Begin PBXProject section */
		A6B5833E222CDE0C005EDD4E /* Project object */ = {
			isa = PBXProject;
			attributes = {
				LastSwiftUpdateCheck = 1010;
				LastUpgradeCheck = 1020;
				ORGANIZATIONNAME = jabt;
				TargetAttributes = {
					A6B58365222CDEEF005EDD4E = {
						CreatedOnToolsVersion = 10.1;
						LastSwiftMigration = 1010;
					};
					A6B5836D222CDEEF005EDD4E = {
						CreatedOnToolsVersion = 10.1;
					};
				};
			};
			buildConfigurationList = A6B58341222CDE0C005EDD4E /* Build configuration list for PBXProject "FlowCommon" */;
			compatibilityVersion = "Xcode 9.3";
			developmentRegion = en;
			hasScannedForEncodings = 0;
			knownRegions = (
				en,
				Base,
			);
			mainGroup = A6B5833D222CDE0C005EDD4E;
			productRefGroup = A6B58348222CDE0C005EDD4E /* Products */;
			projectDirPath = "";
			projectRoot = "";
			targets = (
				A6B58365222CDEEF005EDD4E /* FlowCommon */,
				A6B5836D222CDEEF005EDD4E /* FlowCommonTests */,
			);
		};
/* End PBXProject section */

/* Begin PBXResourcesBuildPhase section */
		A6B58364222CDEEF005EDD4E /* Resources */ = {
			isa = PBXResourcesBuildPhase;
			buildActionMask = 2147483647;
			files = (
				A6B583A2222DB3F8005EDD4E /* FlowCommonFiles in Resources */,
			);
			runOnlyForDeploymentPostprocessing = 0;
		};
		A6B5836C222CDEEF005EDD4E /* Resources */ = {
			isa = PBXResourcesBuildPhase;
			buildActionMask = 2147483647;
			files = (
			);
			runOnlyForDeploymentPostprocessing = 0;
		};
/* End PBXResourcesBuildPhase section */

/* Begin PBXSourcesBuildPhase section */
		A6B58362222CDEEF005EDD4E /* Sources */ = {
			isa = PBXSourcesBuildPhase;
			buildActionMask = 2147483647;
			files = (
				A6B583B5222DB636005EDD4E /* Sound.swift in Sources */,
				A6B583B6222DB636005EDD4E /* TextView.swift in Sources */,
				A6B583B2222DB636005EDD4E /* Timeline.swift in Sources */,
				A6BAA98422B2F0CB0079DE26 /* CAKeyframeAnimation+Extension.swift in Sources */,
				A6B583B3222DB636005EDD4E /* CGPath+SVG.swift in Sources */,
				A6BAA98622B2F0CB0079DE26 /* CATransaction+Extension.swift in Sources */,
				A6B583B7222DB636005EDD4E /* NSMutableParagraphStyle+Extension.swift in Sources */,
				A6BAA98522B2F0CB0079DE26 /* CAMediaTimingFunction+Extension.swift in Sources */,
				A6B583B1222DB636005EDD4E /* UIImage+Extension.swift in Sources */,
				A6B583B0222DB636005EDD4E /* ShapeView.swift in Sources */,
				A6B583B4222DB636005EDD4E /* Animation.swift in Sources */,
				A6B583B8222DB636005EDD4E /* UIView+Extension.swift in Sources */,
				A6B583AF222DB636005EDD4E /* NSShadow+Extension.swift in Sources */,
			);
			runOnlyForDeploymentPostprocessing = 0;
		};
		A6B5836A222CDEEF005EDD4E /* Sources */ = {
			isa = PBXSourcesBuildPhase;
			buildActionMask = 2147483647;
			files = (
				A6B58392222CDFD8005EDD4E /* CGPathSVGTests.swift in Sources */,
			);
			runOnlyForDeploymentPostprocessing = 0;
		};
/* End PBXSourcesBuildPhase section */

/* Begin PBXTargetDependency section */
		A6B58371222CDEEF005EDD4E /* PBXTargetDependency */ = {
			isa = PBXTargetDependency;
			target = A6B58365222CDEEF005EDD4E /* FlowCommon */;
			targetProxy = A6B58370222CDEEF005EDD4E /* PBXContainerItemProxy */;
		};
/* End PBXTargetDependency section */

/* Begin XCBuildConfiguration section */
		A6B58359222CDE0C005EDD4E /* Debug */ = {
			isa = XCBuildConfiguration;
			buildSettings = {
				ALWAYS_SEARCH_USER_PATHS = NO;
				CLANG_ANALYZER_NONNULL = YES;
				CLANG_ANALYZER_NUMBER_OBJECT_CONVERSION = YES_AGGRESSIVE;
				CLANG_CXX_LANGUAGE_STANDARD = "gnu++14";
				CLANG_CXX_LIBRARY = "libc++";
				CLANG_ENABLE_MODULES = YES;
				CLANG_ENABLE_OBJC_ARC = YES;
				CLANG_ENABLE_OBJC_WEAK = YES;
				CLANG_WARN_BLOCK_CAPTURE_AUTORELEASING = YES;
				CLANG_WARN_BOOL_CONVERSION = YES;
				CLANG_WARN_COMMA = YES;
				CLANG_WARN_CONSTANT_CONVERSION = YES;
				CLANG_WARN_DEPRECATED_OBJC_IMPLEMENTATIONS = YES;
				CLANG_WARN_DIRECT_OBJC_ISA_USAGE = YES_ERROR;
				CLANG_WARN_DOCUMENTATION_COMMENTS = YES;
				CLANG_WARN_EMPTY_BODY = YES;
				CLANG_WARN_ENUM_CONVERSION = YES;
				CLANG_WARN_INFINITE_RECURSION = YES;
				CLANG_WARN_INT_CONVERSION = YES;
				CLANG_WARN_NON_LITERAL_NULL_CONVERSION = YES;
				CLANG_WARN_OBJC_IMPLICIT_RETAIN_SELF = YES;
				CLANG_WARN_OBJC_LITERAL_CONVERSION = YES;
				CLANG_WARN_OBJC_ROOT_CLASS = YES_ERROR;
				CLANG_WARN_RANGE_LOOP_ANALYSIS = YES;
				CLANG_WARN_STRICT_PROTOTYPES = YES;
				CLANG_WARN_SUSPICIOUS_MOVE = YES;
				CLANG_WARN_UNGUARDED_AVAILABILITY = YES_AGGRESSIVE;
				CLANG_WARN_UNREACHABLE_CODE = YES;
				CLANG_WARN__DUPLICATE_METHOD_MATCH = YES;
				CODE_SIGN_IDENTITY = "Mac Developer";
				COPY_PHASE_STRIP = NO;
				CURRENT_PROJECT_VERSION = 1;
				DEBUG_INFORMATION_FORMAT = dwarf;
				ENABLE_STRICT_OBJC_MSGSEND = YES;
				ENABLE_TESTABILITY = YES;
				GCC_C_LANGUAGE_STANDARD = gnu11;
				GCC_DYNAMIC_NO_PIC = NO;
				GCC_NO_COMMON_BLOCKS = YES;
				GCC_OPTIMIZATION_LEVEL = 0;
				GCC_PREPROCESSOR_DEFINITIONS = (
					"DEBUG=1",
					"$(inherited)",
				);
				GCC_WARN_64_TO_32_BIT_CONVERSION = YES;
				GCC_WARN_ABOUT_RETURN_TYPE = YES_ERROR;
				GCC_WARN_UNDECLARED_SELECTOR = YES;
				GCC_WARN_UNINITIALIZED_AUTOS = YES_AGGRESSIVE;
				GCC_WARN_UNUSED_FUNCTION = YES;
				GCC_WARN_UNUSED_VARIABLE = YES;
				IPHONEOS_DEPLOYMENT_TARGET = 10.3;
				MACOSX_DEPLOYMENT_TARGET = 10.14;
				MTL_ENABLE_DEBUG_INFO = INCLUDE_SOURCE;
				MTL_FAST_MATH = YES;
				ONLY_ACTIVE_ARCH = YES;
				SDKROOT = macosx;
				SWIFT_ACTIVE_COMPILATION_CONDITIONS = DEBUG;
				SWIFT_OPTIMIZATION_LEVEL = "-Onone";
				VERSIONING_SYSTEM = "apple-generic";
				VERSION_INFO_PREFIX = "";
			};
			name = Debug;
		};
		A6B5835A222CDE0C005EDD4E /* Release */ = {
			isa = XCBuildConfiguration;
			buildSettings = {
				ALWAYS_SEARCH_USER_PATHS = NO;
				CLANG_ANALYZER_NONNULL = YES;
				CLANG_ANALYZER_NUMBER_OBJECT_CONVERSION = YES_AGGRESSIVE;
				CLANG_CXX_LANGUAGE_STANDARD = "gnu++14";
				CLANG_CXX_LIBRARY = "libc++";
				CLANG_ENABLE_MODULES = YES;
				CLANG_ENABLE_OBJC_ARC = YES;
				CLANG_ENABLE_OBJC_WEAK = YES;
				CLANG_WARN_BLOCK_CAPTURE_AUTORELEASING = YES;
				CLANG_WARN_BOOL_CONVERSION = YES;
				CLANG_WARN_COMMA = YES;
				CLANG_WARN_CONSTANT_CONVERSION = YES;
				CLANG_WARN_DEPRECATED_OBJC_IMPLEMENTATIONS = YES;
				CLANG_WARN_DIRECT_OBJC_ISA_USAGE = YES_ERROR;
				CLANG_WARN_DOCUMENTATION_COMMENTS = YES;
				CLANG_WARN_EMPTY_BODY = YES;
				CLANG_WARN_ENUM_CONVERSION = YES;
				CLANG_WARN_INFINITE_RECURSION = YES;
				CLANG_WARN_INT_CONVERSION = YES;
				CLANG_WARN_NON_LITERAL_NULL_CONVERSION = YES;
				CLANG_WARN_OBJC_IMPLICIT_RETAIN_SELF = YES;
				CLANG_WARN_OBJC_LITERAL_CONVERSION = YES;
				CLANG_WARN_OBJC_ROOT_CLASS = YES_ERROR;
				CLANG_WARN_RANGE_LOOP_ANALYSIS = YES;
				CLANG_WARN_STRICT_PROTOTYPES = YES;
				CLANG_WARN_SUSPICIOUS_MOVE = YES;
				CLANG_WARN_UNGUARDED_AVAILABILITY = YES_AGGRESSIVE;
				CLANG_WARN_UNREACHABLE_CODE = YES;
				CLANG_WARN__DUPLICATE_METHOD_MATCH = YES;
				CODE_SIGN_IDENTITY = "Mac Developer";
				COPY_PHASE_STRIP = NO;
				CURRENT_PROJECT_VERSION = 1;
				DEBUG_INFORMATION_FORMAT = "dwarf-with-dsym";
				ENABLE_NS_ASSERTIONS = NO;
				ENABLE_STRICT_OBJC_MSGSEND = YES;
				GCC_C_LANGUAGE_STANDARD = gnu11;
				GCC_NO_COMMON_BLOCKS = YES;
				GCC_WARN_64_TO_32_BIT_CONVERSION = YES;
				GCC_WARN_ABOUT_RETURN_TYPE = YES_ERROR;
				GCC_WARN_UNDECLARED_SELECTOR = YES;
				GCC_WARN_UNINITIALIZED_AUTOS = YES_AGGRESSIVE;
				GCC_WARN_UNUSED_FUNCTION = YES;
				GCC_WARN_UNUSED_VARIABLE = YES;
				IPHONEOS_DEPLOYMENT_TARGET = 10.3;
				MACOSX_DEPLOYMENT_TARGET = 10.14;
				MTL_ENABLE_DEBUG_INFO = NO;
				MTL_FAST_MATH = YES;
				SDKROOT = macosx;
				SWIFT_COMPILATION_MODE = wholemodule;
				SWIFT_OPTIMIZATION_LEVEL = "-O";
				VERSIONING_SYSTEM = "apple-generic";
				VERSION_INFO_PREFIX = "";
			};
			name = Release;
		};
		A6B58378222CDEEF005EDD4E /* Debug */ = {
			isa = XCBuildConfiguration;
			buildSettings = {
				CLANG_ENABLE_MODULES = YES;
				CODE_SIGN_IDENTITY = "";
				CODE_SIGN_STYLE = Automatic;
				DEFINES_MODULE = YES;
				DEVELOPMENT_TEAM = G3GED29J33;
				DYLIB_COMPATIBILITY_VERSION = 1;
				DYLIB_CURRENT_VERSION = 1;
				DYLIB_INSTALL_NAME_BASE = "@rpath";
				INFOPLIST_FILE = Metadata/Info.plist;
				INSTALL_PATH = "$(LOCAL_LIBRARY_DIR)/Frameworks";
				LD_RUNPATH_SEARCH_PATHS = (
					"$(inherited)",
					"@executable_path/Frameworks",
					"@loader_path/Frameworks",
				);
				PRODUCT_BUNDLE_IDENTIFIER = com.jabt.FlowCommon;
				PRODUCT_NAME = "$(TARGET_NAME:c99extidentifier)";
				SDKROOT = iphoneos;
				SKIP_INSTALL = YES;
				SWIFT_OPTIMIZATION_LEVEL = "-Onone";
				SWIFT_VERSION = 5.0;
				TARGETED_DEVICE_FAMILY = "1,2";
			};
			name = Debug;
		};
		A6B58379222CDEEF005EDD4E /* Release */ = {
			isa = XCBuildConfiguration;
			buildSettings = {
				CLANG_ENABLE_MODULES = YES;
				CODE_SIGN_IDENTITY = "";
				CODE_SIGN_STYLE = Automatic;
				DEFINES_MODULE = YES;
				DEVELOPMENT_TEAM = G3GED29J33;
				DYLIB_COMPATIBILITY_VERSION = 1;
				DYLIB_CURRENT_VERSION = 1;
				DYLIB_INSTALL_NAME_BASE = "@rpath";
				INFOPLIST_FILE = Metadata/Info.plist;
				INSTALL_PATH = "$(LOCAL_LIBRARY_DIR)/Frameworks";
				LD_RUNPATH_SEARCH_PATHS = (
					"$(inherited)",
					"@executable_path/Frameworks",
					"@loader_path/Frameworks",
				);
				PRODUCT_BUNDLE_IDENTIFIER = com.jabt.FlowCommon;
				PRODUCT_NAME = "$(TARGET_NAME:c99extidentifier)";
				SDKROOT = iphoneos;
				SKIP_INSTALL = YES;
				SWIFT_VERSION = 5.0;
				TARGETED_DEVICE_FAMILY = "1,2";
				VALIDATE_PRODUCT = YES;
			};
			name = Release;
		};
		A6B5837B222CDEEF005EDD4E /* Debug */ = {
			isa = XCBuildConfiguration;
			buildSettings = {
				ALWAYS_EMBED_SWIFT_STANDARD_LIBRARIES = YES;
				CODE_SIGN_IDENTITY = "iPhone Developer";
				CODE_SIGN_STYLE = Automatic;
				DEVELOPMENT_TEAM = G3GED29J33;
				INFOPLIST_FILE = Metadata/TestsInfo.plist;
				LD_RUNPATH_SEARCH_PATHS = (
					"$(inherited)",
					"@executable_path/Frameworks",
					"@loader_path/Frameworks",
				);
				PRODUCT_BUNDLE_IDENTIFIER = com.jabt.FlowCommonTests;
				PRODUCT_NAME = "$(TARGET_NAME)";
				SDKROOT = iphoneos;
				SWIFT_VERSION = 5.0;
				TARGETED_DEVICE_FAMILY = "1,2";
			};
			name = Debug;
		};
		A6B5837C222CDEEF005EDD4E /* Release */ = {
			isa = XCBuildConfiguration;
			buildSettings = {
				ALWAYS_EMBED_SWIFT_STANDARD_LIBRARIES = YES;
				CODE_SIGN_IDENTITY = "iPhone Developer";
				CODE_SIGN_STYLE = Automatic;
				DEVELOPMENT_TEAM = G3GED29J33;
				INFOPLIST_FILE = Metadata/TestsInfo.plist;
				LD_RUNPATH_SEARCH_PATHS = (
					"$(inherited)",
					"@executable_path/Frameworks",
					"@loader_path/Frameworks",
				);
				PRODUCT_BUNDLE_IDENTIFIER = com.jabt.FlowCommonTests;
				PRODUCT_NAME = "$(TARGET_NAME)";
				SDKROOT = iphoneos;
				SWIFT_VERSION = 5.0;
				TARGETED_DEVICE_FAMILY = "1,2";
				VALIDATE_PRODUCT = YES;
			};
			name = Release;
		};
/* End XCBuildConfiguration section */

/* Begin XCConfigurationList section */
		A6B58341222CDE0C005EDD4E /* Build configuration list for PBXProject "FlowCommon" */ = {
			isa = XCConfigurationList;
			buildConfigurations = (
				A6B58359222CDE0C005EDD4E /* Debug */,
				A6B5835A222CDE0C005EDD4E /* Release */,
			);
			defaultConfigurationIsVisible = 0;
			defaultConfigurationName = Release;
		};
		A6B58377222CDEEF005EDD4E /* Build configuration list for PBXNativeTarget "FlowCommon" */ = {
			isa = XCConfigurationList;
			buildConfigurations = (
				A6B58378222CDEEF005EDD4E /* Debug */,
				A6B58379222CDEEF005EDD4E /* Release */,
			);
			defaultConfigurationIsVisible = 0;
			defaultConfigurationName = Release;
		};
		A6B5837A222CDEEF005EDD4E /* Build configuration list for PBXNativeTarget "FlowCommonTests" */ = {
			isa = XCConfigurationList;
			buildConfigurations = (
				A6B5837B222CDEEF005EDD4E /* Debug */,
				A6B5837C222CDEEF005EDD4E /* Release */,
			);
			defaultConfigurationIsVisible = 0;
			defaultConfigurationName = Release;
		};
/* End XCConfigurationList section */
	};
	rootObject = A6B5833E222CDE0C005EDD4E /* Project object */;
}
